
Microsoft Visual Studio Solution File, Format Version 12.00
# Visual Studio Version 17
VisualStudioVersion = 17.9.34622.214
MinimumVisualStudioVersion = 10.0.40219.1
Project("{D2ABAB84-BF74-430A-B69E-9DC6D40DDA17}") = "MultidimensionalProject1", "MultidimensionalProject1\MultidimensionalProject1.dwproj", "{E0914B10-85C5-4CF5-B8EC-DED2AAF7B45A}"
EndProject
Global
	GlobalSection(SolutionConfigurationPlatforms) = preSolution
		Development|Default = Development|Default
	EndGlobalSection
	GlobalSection(ProjectConfigurationPlatforms) = postSolution
		{E0914B10-85C5-4CF5-B8EC-DED2AAF7B45A}.Development|Default.ActiveCfg = Development
		{E0914B10-85C5-4CF5-B8EC-DED2AAF7B45A}.Development|Default.Build.0 = Development
		{E0914B10-85C5-4CF5-B8EC-DED2AAF7B45A}.Development|Default.Deploy.0 = Development
	EndGlobalSection
	GlobalSection(SolutionProperties) = preSolution
		HideSolutionNode = FALSE
	EndGlobalSection
	GlobalSection(ExtensibilityGlobals) = postSolution
		SolutionGuid = {79FD6604-ECCA-463B-BFE9-6359646AD376}
	EndGlobalSection
EndGlobal
